
Microsoft Visual Studio Solution File, Format Version 12.00
# Visual Studio Version 16
VisualStudioVersion = 16.0.29418.71
MinimumVisualStudioVersion = 10.0.40219.1
Project("{FAE04EC0-301F-11D3-BF4B-00C04F79EFBC}") = "Apker", "Apker\Apker.csproj", "{1E548458-8261-4DCE-82DE-26D1F8F9D678}"
EndProject
Global
	GlobalSection(SolutionConfigurationPlatforms) = preSolution
		Debug|Any CPU = Debug|Any CPU
		Release|Any CPU = Release|Any CPU
	EndGlobalSection
	GlobalSection(ProjectConfigurationPlatforms) = postSolution
		{1E548458-8261-4DCE-82DE-26D1F8F9D678}.Debug|Any CPU.ActiveCfg = Debug|Any CPU
		{1E548458-8261-4DCE-82DE-26D1F8F9D678}.Debug|Any CPU.Build.0 = Debug|Any CPU
		{1E548458-8261-4DCE-82DE-26D1F8F9D678}.Release|Any CPU.ActiveCfg = Release|Any CPU
		{1E548458-8261-4DCE-82DE-26D1F8F9D678}.Release|Any CPU.Build.0 = Release|Any CPU
	EndGlobalSection
	GlobalSection(SolutionProperties) = preSolution
		HideSolutionNode = FALSE
	EndGlobalSection
	GlobalSection(ExtensibilityGlobals) = postSolution
		SolutionGuid = {CAA47829-7703-441B-B69C-F9CF1174CD24}
	EndGlobalSection
EndGlobal
